{
  "object": {
    "pins": [
      {
        "package": "ClampedInteger",
        "repositoryURL": "http://github.com/berikv/ClampedInteger",
        "state": {
          "branch": null,
          "revision": "f092db591f9b4d9afb345f0c701d3b0c1c809ba1",
          "version": "1.0.5"
        }
      }
    ]
  },
  "version": 1
}
